// !$*UTF8*$!
{
	archiveVersion = 1;
	classes = {
	};
	objectVersion = 56;
	objects = {

/* Begin PBXBuildFile section */
		44D9784F2B5B008F00D88A57 /* glowstickApp.swift in Sources */ = {isa = PBXBuildFile; fileRef = 44D9784E2B5B008F00D88A57 /* glowstickApp.swift */; };
		44D978512B5B008F00D88A57 /* ContentView.swift in Sources */ = {isa = PBXBuildFile; fileRef = 44D978502B5B008F00D88A57 /* ContentView.swift */; };
		44D978532B5B009100D88A57 /* Assets.xcassets in Resources */ = {isa = PBXBuildFile; fileRef = 44D978522B5B009100D88A57 /* Assets.xcassets */; };
		44D978562B5B009100D88A57 /* Preview Assets.xcassets in Resources */ = {isa = PBXBuildFile; fileRef = 44D978552B5B009100D88A57 /* Preview Assets.xcassets */; };
		44D978602B5B009100D88A57 /* glowstickTests.swift in Sources */ = {isa = PBXBuildFile; fileRef = 44D9785F2B5B009100D88A57 /* glowstickTests.swift */; };
		44D9786A2B5B009100D88A57 /* glowstickUITests.swift in Sources */ = {isa = PBXBuildFile; fileRef = 44D978692B5B009100D88A57 /* glowstickUITests.swift */; };
		44D9786C2B5B009100D88A57 /* glowstickUITestsLaunchTests.swift in Sources */ = {isa = PBXBuildFile; fileRef = 44D9786B2B5B009100D88A57 /* glowstickUITestsLaunchTests.swift */; };
		44D978792B5C223A00D88A57 /* ColourPicker.swift in Sources */ = {isa = PBXBuildFile; fileRef = 44D978782B5C223A00D88A57 /* ColourPicker.swift */; };
/* End PBXBuildFile section */

/* Begin PBXContainerItemProxy section */
		44D9785C2B5B009100D88A57 /* PBXContainerItemProxy */ = {
			isa = PBXContainerItemProxy;
			containerPortal = 44D978432B5B008F00D88A57 /* Project object */;
			proxyType = 1;
			remoteGlobalIDString = 44D9784A2B5B008F00D88A57;
			remoteInfo = "control-component";
		};
		44D978662B5B009100D88A57 /* PBXContainerItemProxy */ = {
			isa = PBXContainerItemProxy;
			containerPortal = 44D978432B5B008F00D88A57 /* Project object */;
			proxyType = 1;
			remoteGlobalIDString = 44D9784A2B5B008F00D88A57;
			remoteInfo = "control-component";
		};
/* End PBXContainerItemProxy section */

/* Begin PBXFileReference section */
		44D9784B2B5B008F00D88A57 /* glowstick.app */ = {isa = PBXFileReference; explicitFileType = wrapper.application; includeInIndex = 0; path = glowstick.app; sourceTree = BUILT_PRODUCTS_DIR; };
		44D9784E2B5B008F00D88A57 /* glowstickApp.swift */ = {isa = PBXFileReference; lastKnownFileType = sourcecode.swift; path = glowstickApp.swift; sourceTree = "<group>"; };
		44D978502B5B008F00D88A57 /* ContentView.swift */ = {isa = PBXFileReference; lastKnownFileType = sourcecode.swift; path = ContentView.swift; sourceTree = "<group>"; };
		44D978522B5B009100D88A57 /* Assets.xcassets */ = {isa = PBXFileReference; lastKnownFileType = folder.assetcatalog; path = Assets.xcassets; sourceTree = "<group>"; };
		44D978552B5B009100D88A57 /* Preview Assets.xcassets */ = {isa = PBXFileReference; lastKnownFileType = folder.assetcatalog; path = "Preview Assets.xcassets"; sourceTree = "<group>"; };
		44D9785B2B5B009100D88A57 /* glowstickTests.xctest */ = {isa = PBXFileReference; explicitFileType = wrapper.cfbundle; includeInIndex = 0; path = glowstickTests.xctest; sourceTree = BUILT_PRODUCTS_DIR; };
		44D9785F2B5B009100D88A57 /* glowstickTests.swift */ = {isa = PBXFileReference; lastKnownFileType = sourcecode.swift; path = glowstickTests.swift; sourceTree = "<group>"; };
		44D978652B5B009100D88A57 /* glowstickUITests.xctest */ = {isa = PBXFileReference; explicitFileType = wrapper.cfbundle; includeInIndex = 0; path = glowstickUITests.xctest; sourceTree = BUILT_PRODUCTS_DIR; };
		44D978692B5B009100D88A57 /* glowstickUITests.swift */ = {isa = PBXFileReference; lastKnownFileType = sourcecode.swift; path = glowstickUITests.swift; sourceTree = "<group>"; };
		44D9786B2B5B009100D88A57 /* glowstickUITestsLaunchTests.swift */ = {isa = PBXFileReference; lastKnownFileType = sourcecode.swift; path = glowstickUITestsLaunchTests.swift; sourceTree = "<group>"; };
		44D978782B5C223A00D88A57 /* ColourPicker.swift */ = {isa = PBXFileReference; lastKnownFileType = sourcecode.swift; path = ColourPicker.swift; sourceTree = "<group>"; };
/* End PBXFileReference section */

/* Begin PBXFrameworksBuildPhase section */
		44D978482B5B008F00D88A57 /* Frameworks */ = {
			isa = PBXFrameworksBuildPhase;
			buildActionMask = 2147483647;
			files = (
			);
			runOnlyForDeploymentPostprocessing = 0;
		};
		44D978582B5B009100D88A57 /* Frameworks */ = {
			isa = PBXFrameworksBuildPhase;
			buildActionMask = 2147483647;
			files = (
			);
			runOnlyForDeploymentPostprocessing = 0;
		};
		44D978622B5B009100D88A57 /* Frameworks */ = {
			isa = PBXFrameworksBuildPhase;
			buildActionMask = 2147483647;
			files = (
			);
			runOnlyForDeploymentPostprocessing = 0;
		};
/* End PBXFrameworksBuildPhase section */

/* Begin PBXGroup section */
		44D978422B5B008F00D88A57 = {
			isa = PBXGroup;
			children = (
				44D9784D2B5B008F00D88A57 /* glow-stick */,
				44D9785E2B5B009100D88A57 /* glow-stickTests */,
				44D978682B5B009100D88A57 /* glowstickUITests */,
				44D9784C2B5B008F00D88A57 /* Products */,
			);
			sourceTree = "<group>";
		};
		44D9784C2B5B008F00D88A57 /* Products */ = {
			isa = PBXGroup;
			children = (
				44D9784B2B5B008F00D88A57 /* glowstick.app */,
				44D9785B2B5B009100D88A57 /* glowstickTests.xctest */,
				44D978652B5B009100D88A57 /* glowstickUITests.xctest */,
			);
			name = Products;
			sourceTree = "<group>";
		};
		44D9784D2B5B008F00D88A57 /* glow-stick */ = {
			isa = PBXGroup;
			children = (
				44D9784E2B5B008F00D88A57 /* glowstickApp.swift */,
				44D978502B5B008F00D88A57 /* ContentView.swift */,
				44D978782B5C223A00D88A57 /* ColourPicker.swift */,
				44D978522B5B009100D88A57 /* Assets.xcassets */,
				44D978542B5B009100D88A57 /* Preview Content */,
			);
			path = "glow-stick";
			sourceTree = "<group>";
		};
		44D978542B5B009100D88A57 /* Preview Content */ = {
			isa = PBXGroup;
			children = (
				44D978552B5B009100D88A57 /* Preview Assets.xcassets */,
			);
			path = "Preview Content";
			sourceTree = "<group>";
		};
		44D9785E2B5B009100D88A57 /* glow-stickTests */ = {
			isa = PBXGroup;
			children = (
				44D9785F2B5B009100D88A57 /* glowstickTests.swift */,
			);
			path = "glow-stickTests";
			sourceTree = "<group>";
		};
		44D978682B5B009100D88A57 /* glowstickUITests */ = {
			isa = PBXGroup;
			children = (
				44D978692B5B009100D88A57 /* glowstickUITests.swift */,
				44D9786B2B5B009100D88A57 /* glowstickUITestsLaunchTests.swift */,
			);
			path = glowstickUITests;
			sourceTree = "<group>";
		};
/* End PBXGroup section */

/* Begin PBXNativeTarget section */
		44D9784A2B5B008F00D88A57 /* glowstick */ = {
			isa = PBXNativeTarget;
			buildConfigurationList = 44D9786F2B5B009100D88A57 /* Build configuration list for PBXNativeTarget "glowstick" */;
			buildPhases = (
				44D978472B5B008F00D88A57 /* Sources */,
				44D978482B5B008F00D88A57 /* Frameworks */,
				44D978492B5B008F00D88A57 /* Resources */,
			);
			buildRules = (
			);
			dependencies = (
			);
			name = glowstick;
			productName = "control-component";
			productReference = 44D9784B2B5B008F00D88A57 /* glowstick.app */;
			productType = "com.apple.product-type.application";
		};
		44D9785A2B5B009100D88A57 /* glowstickTests */ = {
			isa = PBXNativeTarget;
			buildConfigurationList = 44D978722B5B009100D88A57 /* Build configuration list for PBXNativeTarget "glowstickTests" */;
			buildPhases = (
				44D978572B5B009100D88A57 /* Sources */,
				44D978582B5B009100D88A57 /* Frameworks */,
				44D978592B5B009100D88A57 /* Resources */,
			);
			buildRules = (
			);
			dependencies = (
				44D9785D2B5B009100D88A57 /* PBXTargetDependency */,
			);
			name = glowstickTests;
			productName = "control-componentTests";
			productReference = 44D9785B2B5B009100D88A57 /* glowstickTests.xctest */;
			productType = "com.apple.product-type.bundle.unit-test";
		};
		44D978642B5B009100D88A57 /* glowstickUITests */ = {
			isa = PBXNativeTarget;
			buildConfigurationList = 44D978752B5B009100D88A57 /* Build configuration list for PBXNativeTarget "glowstickUITests" */;
			buildPhases = (
				44D978612B5B009100D88A57 /* Sources */,
				44D978622B5B009100D88A57 /* Frameworks */,
				44D978632B5B009100D88A57 /* Resources */,
			);
			buildRules = (
			);
			dependencies = (
				44D978672B5B009100D88A57 /* PBXTargetDependency */,
			);
			name = glowstickUITests;
			productName = "control-componentUITests";
			productReference = 44D978652B5B009100D88A57 /* glowstickUITests.xctest */;
			productType = "com.apple.product-type.bundle.ui-testing";
		};
/* End PBXNativeTarget section */

/* Begin PBXProject section */
		44D978432B5B008F00D88A57 /* Project object */ = {
			isa = PBXProject;
			attributes = {
				BuildIndependentTargetsInParallel = 1;
				LastSwiftUpdateCheck = 1500;
				LastUpgradeCheck = 1500;
				TargetAttributes = {
					44D9784A2B5B008F00D88A57 = {
						CreatedOnToolsVersion = 15.0.1;
					};
					44D9785A2B5B009100D88A57 = {
						CreatedOnToolsVersion = 15.0.1;
						TestTargetID = 44D9784A2B5B008F00D88A57;
					};
					44D978642B5B009100D88A57 = {
						CreatedOnToolsVersion = 15.0.1;
						TestTargetID = 44D9784A2B5B008F00D88A57;
					};
				};
			};
			buildConfigurationList = 44D978462B5B008F00D88A57 /* Build configuration list for PBXProject "glowstick" */;
			compatibilityVersion = "Xcode 14.0";
			developmentRegion = en;
			hasScannedForEncodings = 0;
			knownRegions = (
				en,
				Base,
			);
			mainGroup = 44D978422B5B008F00D88A57;
			productRefGroup = 44D9784C2B5B008F00D88A57 /* Products */;
			projectDirPath = "";
			projectRoot = "";
			targets = (
				44D9784A2B5B008F00D88A57 /* glowstick */,
				44D9785A2B5B009100D88A57 /* glowstickTests */,
				44D978642B5B009100D88A57 /* glowstickUITests */,
			);
		};
/* End PBXProject section */

/* Begin PBXResourcesBuildPhase section */
		44D978492B5B008F00D88A57 /* Resources */ = {
			isa = PBXResourcesBuildPhase;
			buildActionMask = 2147483647;
			files = (
				44D978562B5B009100D88A57 /* Preview Assets.xcassets in Resources */,
				44D978532B5B009100D88A57 /* Assets.xcassets in Resources */,
			);
			runOnlyForDeploymentPostprocessing = 0;
		};
		44D978592B5B009100D88A57 /* Resources */ = {
			isa = PBXResourcesBuildPhase;
			buildActionMask = 2147483647;
			files = (
			);
			runOnlyForDeploymentPostprocessing = 0;
		};
		44D978632B5B009100D88A57 /* Resources */ = {
			isa = PBXResourcesBuildPhase;
			buildActionMask = 2147483647;
			files = (
			);
			runOnlyForDeploymentPostprocessing = 0;
		};
/* End PBXResourcesBuildPhase section */

/* Begin PBXSourcesBuildPhase section */
		44D978472B5B008F00D88A57 /* Sources */ = {
			isa = PBXSourcesBuildPhase;
			buildActionMask = 2147483647;
			files = (
				44D978512B5B008F00D88A57 /* ContentView.swift in Sources */,
				44D978792B5C223A00D88A57 /* ColourPicker.swift in Sources */,
				44D9784F2B5B008F00D88A57 /* glowstickApp.swift in Sources */,
			);
			runOnlyForDeploymentPostprocessing = 0;
		};
		44D978572B5B009100D88A57 /* Sources */ = {
			isa = PBXSourcesBuildPhase;
			buildActionMask = 2147483647;
			files = (
				44D978602B5B009100D88A57 /* glowstickTests.swift in Sources */,
			);
			runOnlyForDeploymentPostprocessing = 0;
		};
		44D978612B5B009100D88A57 /* Sources */ = {
			isa = PBXSourcesBuildPhase;
			buildActionMask = 2147483647;
			files = (
				44D9786C2B5B009100D88A57 /* glowstickUITestsLaunchTests.swift in Sources */,
				44D9786A2B5B009100D88A57 /* glowstickUITests.swift in Sources */,
			);
			runOnlyForDeploymentPostprocessing = 0;
		};
/* End PBXSourcesBuildPhase section */

/* Begin PBXTargetDependency section */
		44D9785D2B5B009100D88A57 /* PBXTargetDependency */ = {
			isa = PBXTargetDependency;
			target = 44D9784A2B5B008F00D88A57 /* glowstick */;
			targetProxy = 44D9785C2B5B009100D88A57 /* PBXContainerItemProxy */;
		};
		44D978672B5B009100D88A57 /* PBXTargetDependency */ = {
			isa = PBXTargetDependency;
			target = 44D9784A2B5B008F00D88A57 /* glowstick */;
			targetProxy = 44D978662B5B009100D88A57 /* PBXContainerItemProxy */;
		};
/* End PBXTargetDependency section */

/* Begin XCBuildConfiguration section */
		44D9786D2B5B009100D88A57 /* Debug */ = {
			isa = XCBuildConfiguration;
			buildSettings = {
				ALWAYS_SEARCH_USER_PATHS = NO;
				ASSETCATALOG_COMPILER_GENERATE_SWIFT_ASSET_SYMBOL_EXTENSIONS = YES;
				CLANG_ANALYZER_NONNULL = YES;
				CLANG_ANALYZER_NUMBER_OBJECT_CONVERSION = YES_AGGRESSIVE;
				CLANG_CXX_LANGUAGE_STANDARD = "gnu++20";
				CLANG_ENABLE_MODULES = YES;
				CLANG_ENABLE_OBJC_ARC = YES;
				CLANG_ENABLE_OBJC_WEAK = YES;
				CLANG_WARN_BLOCK_CAPTURE_AUTORELEASING = YES;
				CLANG_WARN_BOOL_CONVERSION = YES;
				CLANG_WARN_COMMA = YES;
				CLANG_WARN_CONSTANT_CONVERSION = YES;
				CLANG_WARN_DEPRECATED_OBJC_IMPLEMENTATIONS = YES;
				CLANG_WARN_DIRECT_OBJC_ISA_USAGE = YES_ERROR;
				CLANG_WARN_DOCUMENTATION_COMMENTS = YES;
				CLANG_WARN_EMPTY_BODY = YES;
				CLANG_WARN_ENUM_CONVERSION = YES;
				CLANG_WARN_INFINITE_RECURSION = YES;
				CLANG_WARN_INT_CONVERSION = YES;
				CLANG_WARN_NON_LITERAL_NULL_CONVERSION = YES;
				CLANG_WARN_OBJC_IMPLICIT_RETAIN_SELF = YES;
				CLANG_WARN_OBJC_LITERAL_CONVERSION = YES;
				CLANG_WARN_OBJC_ROOT_CLASS = YES_ERROR;
				CLANG_WARN_QUOTED_INCLUDE_IN_FRAMEWORK_HEADER = YES;
				CLANG_WARN_RANGE_LOOP_ANALYSIS = YES;
				CLANG_WARN_STRICT_PROTOTYPES = YES;
				CLANG_WARN_SUSPICIOUS_MOVE = YES;
				CLANG_WARN_UNGUARDED_AVAILABILITY = YES_AGGRESSIVE;
				CLANG_WARN_UNREACHABLE_CODE = YES;
				CLANG_WARN__DUPLICATE_METHOD_MATCH = YES;
				COPY_PHASE_STRIP = NO;
				DEBUG_INFORMATION_FORMAT = dwarf;
				ENABLE_STRICT_OBJC_MSGSEND = YES;
				ENABLE_TESTABILITY = YES;
				ENABLE_USER_SCRIPT_SANDBOXING = YES;
				GCC_C_LANGUAGE_STANDARD = gnu17;
				GCC_DYNAMIC_NO_PIC = NO;
				GCC_NO_COMMON_BLOCKS = YES;
				GCC_OPTIMIZATION_LEVEL = 0;
				GCC_PREPROCESSOR_DEFINITIONS = (
					"DEBUG=1",
					"$(inherited)",
				);
				GCC_WARN_64_TO_32_BIT_CONVERSION = YES;
				GCC_WARN_ABOUT_RETURN_TYPE = YES_ERROR;
				GCC_WARN_UNDECLARED_SELECTOR = YES;
				GCC_WARN_UNINITIALIZED_AUTOS = YES_AGGRESSIVE;
				GCC_WARN_UNUSED_FUNCTION = YES;
				GCC_WARN_UNUSED_VARIABLE = YES;
				IPHONEOS_DEPLOYMENT_TARGET = 17.0;
				LOCALIZATION_PREFERS_STRING_CATALOGS = YES;
				MTL_ENABLE_DEBUG_INFO = INCLUDE_SOURCE;
				MTL_FAST_MATH = YES;
				ONLY_ACTIVE_ARCH = YES;
				PRODUCT_NAME = Glowstick;
				SDKROOT = iphoneos;
				SWIFT_ACTIVE_COMPILATION_CONDITIONS = "DEBUG $(inherited)";
				SWIFT_OPTIMIZATION_LEVEL = "-Onone";
			};
			name = Debug;
		};
		44D9786E2B5B009100D88A57 /* Release */ = {
			isa = XCBuildConfiguration;
			buildSettings = {
				ALWAYS_SEARCH_USER_PATHS = NO;
				ASSETCATALOG_COMPILER_GENERATE_SWIFT_ASSET_SYMBOL_EXTENSIONS = YES;
				CLANG_ANALYZER_NONNULL = YES;
				CLANG_ANALYZER_NUMBER_OBJECT_CONVERSION = YES_AGGRESSIVE;
				CLANG_CXX_LANGUAGE_STANDARD = "gnu++20";
				CLANG_ENABLE_MODULES = YES;
				CLANG_ENABLE_OBJC_ARC = YES;
				CLANG_ENABLE_OBJC_WEAK = YES;
				CLANG_WARN_BLOCK_CAPTURE_AUTORELEASING = YES;
				CLANG_WARN_BOOL_CONVERSION = YES;
				CLANG_WARN_COMMA = YES;
				CLANG_WARN_CONSTANT_CONVERSION = YES;
				CLANG_WARN_DEPRECATED_OBJC_IMPLEMENTATIONS = YES;
				CLANG_WARN_DIRECT_OBJC_ISA_USAGE = YES_ERROR;
				CLANG_WARN_DOCUMENTATION_COMMENTS = YES;
				CLANG_WARN_EMPTY_BODY = YES;
				CLANG_WARN_ENUM_CONVERSION = YES;
				CLANG_WARN_INFINITE_RECURSION = YES;
				CLANG_WARN_INT_CONVERSION = YES;
				CLANG_WARN_NON_LITERAL_NULL_CONVERSION = YES;
				CLANG_WARN_OBJC_IMPLICIT_RETAIN_SELF = YES;
				CLANG_WARN_OBJC_LITERAL_CONVERSION = YES;
				CLANG_WARN_OBJC_ROOT_CLASS = YES_ERROR;
				CLANG_WARN_QUOTED_INCLUDE_IN_FRAMEWORK_HEADER = YES;
				CLANG_WARN_RANGE_LOOP_ANALYSIS = YES;
				CLANG_WARN_STRICT_PROTOTYPES = YES;
				CLANG_WARN_SUSPICIOUS_MOVE = YES;
				CLANG_WARN_UNGUARDED_AVAILABILITY = YES_AGGRESSIVE;
				CLANG_WARN_UNREACHABLE_CODE = YES;
				CLANG_WARN__DUPLICATE_METHOD_MATCH = YES;
				COPY_PHASE_STRIP = NO;
				DEBUG_INFORMATION_FORMAT = "dwarf-with-dsym";
				ENABLE_NS_ASSERTIONS = NO;
				ENABLE_STRICT_OBJC_MSGSEND = YES;
				ENABLE_USER_SCRIPT_SANDBOXING = YES;
				GCC_C_LANGUAGE_STANDARD = gnu17;
				GCC_NO_COMMON_BLOCKS = YES;
				GCC_WARN_64_TO_32_BIT_CONVERSION = YES;
				GCC_WARN_ABOUT_RETURN_TYPE = YES_ERROR;
				GCC_WARN_UNDECLARED_SELECTOR = YES;
				GCC_WARN_UNINITIALIZED_AUTOS = YES_AGGRESSIVE;
				GCC_WARN_UNUSED_FUNCTION = YES;
				GCC_WARN_UNUSED_VARIABLE = YES;
				IPHONEOS_DEPLOYMENT_TARGET = 17.0;
				LOCALIZATION_PREFERS_STRING_CATALOGS = YES;
				MTL_ENABLE_DEBUG_INFO = NO;
				MTL_FAST_MATH = YES;
				PRODUCT_NAME = Glowstick;
				SDKROOT = iphoneos;
				SWIFT_COMPILATION_MODE = wholemodule;
				VALIDATE_PRODUCT = YES;
			};
			name = Release;
		};
		44D978702B5B009100D88A57 /* Debug */ = {
			isa = XCBuildConfiguration;
			buildSettings = {
				ASSETCATALOG_COMPILER_APPICON_NAME = AppIcon;
				ASSETCATALOG_COMPILER_GLOBAL_ACCENT_COLOR_NAME = AccentColor;
				CODE_SIGN_STYLE = Automatic;
				CURRENT_PROJECT_VERSION = 1;
				DEVELOPMENT_ASSET_PATHS = "\"glow-stick/Preview Content\"";
				DEVELOPMENT_TEAM = J77S5JK9F6;
				ENABLE_PREVIEWS = YES;
				GENERATE_INFOPLIST_FILE = YES;
				INFOPLIST_KEY_CFBundleDisplayName = Glowstick;
				INFOPLIST_KEY_UIApplicationSceneManifest_Generation = YES;
				INFOPLIST_KEY_UIApplicationSupportsIndirectInputEvents = YES;
				INFOPLIST_KEY_UILaunchScreen_Generation = YES;
				INFOPLIST_KEY_UISupportedInterfaceOrientations_iPad = "UIInterfaceOrientationPortrait UIInterfaceOrientationPortraitUpsideDown UIInterfaceOrientationLandscapeLeft UIInterfaceOrientationLandscapeRight";
				INFOPLIST_KEY_UISupportedInterfaceOrientations_iPhone = "UIInterfaceOrientationPortrait UIInterfaceOrientationLandscapeLeft UIInterfaceOrientationLandscapeRight";
				LD_RUNPATH_SEARCH_PATHS = (
					"$(inherited)",
					"@executable_path/Frameworks",
				);
				MARKETING_VERSION = 1.0;
				PRODUCT_BUNDLE_IDENTIFIER = sloane.glowstick;
				PRODUCT_NAME = "$(TARGET_NAME)";
				SWIFT_EMIT_LOC_STRINGS = YES;
				SWIFT_VERSION = 5.0;
				TARGETED_DEVICE_FAMILY = "1,2";
			};
			name = Debug;
		};
		44D978712B5B009100D88A57 /* Release */ = {
			isa = XCBuildConfiguration;
			buildSettings = {
				ASSETCATALOG_COMPILER_APPICON_NAME = AppIcon;
				ASSETCATALOG_COMPILER_GLOBAL_ACCENT_COLOR_NAME = AccentColor;
				CODE_SIGN_STYLE = Automatic;
				CURRENT_PROJECT_VERSION = 1;
				DEVELOPMENT_ASSET_PATHS = "\"glow-stick/Preview Content\"";
				DEVELOPMENT_TEAM = J77S5JK9F6;
				ENABLE_PREVIEWS = YES;
				GENERATE_INFOPLIST_FILE = YES;
				INFOPLIST_KEY_CFBundleDisplayName = Glowstick;
				INFOPLIST_KEY_UIApplicationSceneManifest_Generation = YES;
				INFOPLIST_KEY_UIApplicationSupportsIndirectInputEvents = YES;
				INFOPLIST_KEY_UILaunchScreen_Generation = YES;
				INFOPLIST_KEY_UISupportedInterfaceOrientations_iPad = "UIInterfaceOrientationPortrait UIInterfaceOrientationPortraitUpsideDown UIInterfaceOrientationLandscapeLeft UIInterfaceOrientationLandscapeRight";
				INFOPLIST_KEY_UISupportedInterfaceOrientations_iPhone = "UIInterfaceOrientationPortrait UIInterfaceOrientationLandscapeLeft UIInterfaceOrientationLandscapeRight";
				LD_RUNPATH_SEARCH_PATHS = (
					"$(inherited)",
					"@executable_path/Frameworks",
				);
				MARKETING_VERSION = 1.0;
				PRODUCT_BUNDLE_IDENTIFIER = sloane.glowstick;
				PRODUCT_NAME = "$(TARGET_NAME)";
				SWIFT_EMIT_LOC_STRINGS = YES;
				SWIFT_VERSION = 5.0;
				TARGETED_DEVICE_FAMILY = "1,2";
			};
			name = Release;
		};
		44D978732B5B009100D88A57 /* Debug */ = {
			isa = XCBuildConfiguration;
			buildSettings = {
				ALWAYS_EMBED_SWIFT_STANDARD_LIBRARIES = YES;
				BUNDLE_LOADER = "$(TEST_HOST)";
				CODE_SIGN_STYLE = Automatic;
				CURRENT_PROJECT_VERSION = 1;
				DEVELOPMENT_TEAM = J77S5JK9F6;
				GENERATE_INFOPLIST_FILE = YES;
				IPHONEOS_DEPLOYMENT_TARGET = 17.0;
				MARKETING_VERSION = 1.0;
				PRODUCT_BUNDLE_IDENTIFIER = "sloane.control-componentTests";
				PRODUCT_NAME = "$(TARGET_NAME)";
				SWIFT_EMIT_LOC_STRINGS = NO;
				SWIFT_VERSION = 5.0;
				TARGETED_DEVICE_FAMILY = "1,2";
				TEST_HOST = "$(BUILT_PRODUCTS_DIR)/control-component.app/$(BUNDLE_EXECUTABLE_FOLDER_PATH)/control-component";
			};
			name = Debug;
		};
		44D978742B5B009100D88A57 /* Release */ = {
			isa = XCBuildConfiguration;
			buildSettings = {
				ALWAYS_EMBED_SWIFT_STANDARD_LIBRARIES = YES;
				BUNDLE_LOADER = "$(TEST_HOST)";
				CODE_SIGN_STYLE = Automatic;
				CURRENT_PROJECT_VERSION = 1;
				DEVELOPMENT_TEAM = J77S5JK9F6;
				GENERATE_INFOPLIST_FILE = YES;
				IPHONEOS_DEPLOYMENT_TARGET = 17.0;
				MARKETING_VERSION = 1.0;
				PRODUCT_BUNDLE_IDENTIFIER = "sloane.control-componentTests";
				PRODUCT_NAME = "$(TARGET_NAME)";
				SWIFT_EMIT_LOC_STRINGS = NO;
				SWIFT_VERSION = 5.0;
				TARGETED_DEVICE_FAMILY = "1,2";
				TEST_HOST = "$(BUILT_PRODUCTS_DIR)/control-component.app/$(BUNDLE_EXECUTABLE_FOLDER_PATH)/control-component";
			};
			name = Release;
		};
		44D978762B5B009100D88A57 /* Debug */ = {
			isa = XCBuildConfiguration;
			buildSettings = {
				ALWAYS_EMBED_SWIFT_STANDARD_LIBRARIES = YES;
				CODE_SIGN_STYLE = Automatic;
				CURRENT_PROJECT_VERSION = 1;
				DEVELOPMENT_TEAM = J77S5JK9F6;
				GENERATE_INFOPLIST_FILE = YES;
				MARKETING_VERSION = 1.0;
				PRODUCT_BUNDLE_IDENTIFIER = "sloane.control-componentUITests";
				PRODUCT_NAME = "$(TARGET_NAME)";
				SWIFT_EMIT_LOC_STRINGS = NO;
				SWIFT_VERSION = 5.0;
				TARGETED_DEVICE_FAMILY = "1,2";
				TEST_TARGET_NAME = "control-component";
			};
			name = Debug;
		};
		44D978772B5B009100D88A57 /* Release */ = {
			isa = XCBuildConfiguration;
			buildSettings = {
				ALWAYS_EMBED_SWIFT_STANDARD_LIBRARIES = YES;
				CODE_SIGN_STYLE = Automatic;
				CURRENT_PROJECT_VERSION = 1;
				DEVELOPMENT_TEAM = J77S5JK9F6;
				GENERATE_INFOPLIST_FILE = YES;
				MARKETING_VERSION = 1.0;
				PRODUCT_BUNDLE_IDENTIFIER = "sloane.control-componentUITests";
				PRODUCT_NAME = "$(TARGET_NAME)";
				SWIFT_EMIT_LOC_STRINGS = NO;
				SWIFT_VERSION = 5.0;
				TARGETED_DEVICE_FAMILY = "1,2";
				TEST_TARGET_NAME = "control-component";
			};
			name = Release;
		};
/* End XCBuildConfiguration section */

/* Begin XCConfigurationList section */
		44D978462B5B008F00D88A57 /* Build configuration list for PBXProject "glowstick" */ = {
			isa = XCConfigurationList;
			buildConfigurations = (
				44D9786D2B5B009100D88A57 /* Debug */,
				44D9786E2B5B009100D88A57 /* Release */,
			);
			defaultConfigurationIsVisible = 0;
			defaultConfigurationName = Release;
		};
		44D9786F2B5B009100D88A57 /* Build configuration list for PBXNativeTarget "glowstick" */ = {
			isa = XCConfigurationList;
			buildConfigurations = (
				44D978702B5B009100D88A57 /* Debug */,
				44D978712B5B009100D88A57 /* Release */,
			);
			defaultConfigurationIsVisible = 0;
			defaultConfigurationName = Release;
		};
		44D978722B5B009100D88A57 /* Build configuration list for PBXNativeTarget "glowstickTests" */ = {
			isa = XCConfigurationList;
			buildConfigurations = (
				44D978732B5B009100D88A57 /* Debug */,
				44D978742B5B009100D88A57 /* Release */,
			);
			defaultConfigurationIsVisible = 0;
			defaultConfigurationName = Release;
		};
		44D978752B5B009100D88A57 /* Build configuration list for PBXNativeTarget "glowstickUITests" */ = {
			isa = XCConfigurationList;
			buildConfigurations = (
				44D978762B5B009100D88A57 /* Debug */,
				44D978772B5B009100D88A57 /* Release */,
			);
			defaultConfigurationIsVisible = 0;
			defaultConfigurationName = Release;
		};
/* End XCConfigurationList section */
	};
	rootObject = 44D978432B5B008F00D88A57 /* Project object */;
}
